
Microsoft Visual Studio Solution File, Format Version 12.00
# Visual Studio Version 16
VisualStudioVersion = 16.0.31321.278
MinimumVisualStudioVersion = 10.0.40219.1
Project("{FAE04EC0-301F-11D3-BF4B-00C04F79EFBC}") = "RPG_aula4", "RPG_aula4.csproj", "{75E4532D-14F4-466B-980D-B6A5DD0717B0}"
EndProject
Global
	GlobalSection(SolutionConfigurationPlatforms) = preSolution
		Debug|Any CPU = Debug|Any CPU
		Release|Any CPU = Release|Any CPU
	EndGlobalSection
	GlobalSection(ProjectConfigurationPlatforms) = postSolution
		{75E4532D-14F4-466B-980D-B6A5DD0717B0}.Debug|Any CPU.ActiveCfg = Debug|Any CPU
		{75E4532D-14F4-466B-980D-B6A5DD0717B0}.Debug|Any CPU.Build.0 = Debug|Any CPU
		{75E4532D-14F4-466B-980D-B6A5DD0717B0}.Release|Any CPU.ActiveCfg = Release|Any CPU
		{75E4532D-14F4-466B-980D-B6A5DD0717B0}.Release|Any CPU.Build.0 = Release|Any CPU
	EndGlobalSection
	GlobalSection(SolutionProperties) = preSolution
		HideSolutionNode = FALSE
	EndGlobalSection
	GlobalSection(ExtensibilityGlobals) = postSolution
		SolutionGuid = {0C5FB9FE-DC5D-4A5D-A9C7-40D76804051C}
	EndGlobalSection
EndGlobal
